<?xml version="1.0" encoding="utf-8"?>
<Project ToolsVersion="4.0" xmlns="http://schemas.microsoft.com/developer/msbuild/2003">
  <ItemGroup>
    <Filter Include="Source Files">
      <UniqueIdentifier>{4FC737F1-C7A5-4376-A066-2A32D752A2FF}</UniqueIdentifier>
      <Extensions>cpp;c;cc;cxx;def;odl;idl;hpj;bat;asm;asmx</Extensions>
    </Filter>
    <Filter Include="Header Files">
      <UniqueIdentifier>{93995380-89BD-4b04-88EB-625FBE52EBFB}</UniqueIdentifier>
      <Extensions>h;hh;hpp;hxx;hm;inl;inc;xsd</Extensions>
    </Filter>
    <Filter Include="Resource Files">
      <UniqueIdentifier>{67DA6AB6-F800-4c08-8B7A-83BB121AAD01}</UniqueIdentifier>
      <Extensions>rc;ico;cur;bmp;dlg;rc2;rct;bin;rgs;gif;jpg;jpeg;jpe;resx;tiff;tif;png;wav;mfcribbon-ms</Extensions>
    </Filter>
  </ItemGroup>
  <ItemGroup>
    <None Include="OpenBionics_Beetroot.ino" />
  </ItemGroup>
  <ItemGroup>
    <ClInclude Include="__vm\.OpenBionics_Beetroot.vsarduino.h">
      <Filter>Header Files</Filter>
    </ClInclude>
    <ClInclude Include="Globals.h">
      <Filter>Header Files</Filter>
    </ClInclude>
    <ClInclude Include="Initialisation.h">
      <Filter>Header Files</Filter>
    </ClInclude>
    <ClInclude Include="Utils.h">
      <Filter>Header Files</Filter>
    </ClInclude>
    <ClInclude Include="ErrorHandling.h">
      <Filter>Header Files</Filter>
    </ClInclude>
    <ClInclude Include="Adafruit_NeoPixel.h">
      <Filter>Header Files</Filter>
    </ClInclude>
    <ClInclude Include="LED.h">
      <Filter>Header Files</Filter>
    </ClInclude>
    <ClInclude Include="Grips.h">
      <Filter>Header Files</Filter>
    </ClInclude>
    <ClInclude Include="Grips_Default.h">
      <Filter>Header Files</Filter>
    </ClInclude>
    <ClInclude Include="SerialControl.h">
      <Filter>Header Files</Filter>
    </ClInclude>
    <ClInclude Include="TimerManagement.h">
      <Filter>Header Files</Filter>
    </ClInclude>
    <ClInclude Include="EMGControl.h">
      <Filter>Header Files</Filter>
    </ClInclude>
    <ClInclude Include="Demo.h">
      <Filter>Header Files</Filter>
    </ClInclude>
    <ClInclude Include="ROS.h">
      <Filter>Header Files</Filter>
    </ClInclude>
    <ClInclude Include="I2C_IMU_LSM9DS1.h">
      <Filter>Header Files</Filter>
    </ClInclude>
    <ClInclude Include="I2C_IMU_LSM9DS1_Reg.h">
      <Filter>Header Files</Filter>
    </ClInclude>
    <ClInclude Include="I2C_EEPROM.h">
      <Filter>Header Files</Filter>
    </ClInclude>
    <ClInclude Include="HANDle.h">
      <Filter>Header Files</Filter>
    </ClInclude>
    <ClInclude Include="Watchdog.h">
      <Filter>Header Files</Filter>
    </ClInclude>
  </ItemGroup>
  <ItemGroup>
    <ClCompile Include="I2C_EEPROM.cpp">
      <Filter>Source Files</Filter>
    </ClCompile>
    <ClCompile Include="Globals.cpp">
      <Filter>Source Files</Filter>
    </ClCompile>
    <ClCompile Include="Initialisation.cpp">
      <Filter>Source Files</Filter>
    </ClCompile>
    <ClCompile Include="Utils.cpp">
      <Filter>Source Files</Filter>
    </ClCompile>
    <ClCompile Include="ErrorHandling.cpp">
      <Filter>Source Files</Filter>
    </ClCompile>
    <ClCompile Include="Adafruit_NeoPixel.cpp">
      <Filter>Source Files</Filter>
    </ClCompile>
    <ClCompile Include="LED.cpp">
      <Filter>Source Files</Filter>
    </ClCompile>
    <ClCompile Include="Grips.cpp">
      <Filter>Source Files</Filter>
    </ClCompile>
    <ClCompile Include="Grips_Default.cpp">
      <Filter>Source Files</Filter>
    </ClCompile>
    <ClCompile Include="SerialControl.cpp">
      <Filter>Source Files</Filter>
    </ClCompile>
    <ClCompile Include="TimerManagement.cpp">
      <Filter>Source Files</Filter>
    </ClCompile>
    <ClCompile Include="EMGControl.cpp">
      <Filter>Source Files</Filter>
    </ClCompile>
    <ClCompile Include="Demo.cpp">
      <Filter>Source Files</Filter>
    </ClCompile>
    <ClCompile Include="ROS.cpp">
      <Filter>Source Files</Filter>
    </ClCompile>
    <ClCompile Include="I2C_IMU_LSM9DS1.cpp">
      <Filter>Source Files</Filter>
    </ClCompile>
    <ClCompile Include="HANDle.cpp">
      <Filter>Source Files</Filter>
    </ClCompile>
    <ClCompile Include="Watchdog.cpp">
      <Filter>Source Files</Filter>
    </ClCompile>
  </ItemGroup>
</Project>